// !$*UTF8*$!
{
	archiveVersion = 1;
	classes = {
	};
	objectVersion = 50;
	objects = {

/* Begin PBXBuildFile section */
		1573E45F39F9D094B0076570 /* libPods-Drumstik.a in Frameworks */ = {isa = PBXBuildFile; fileRef = BFDED5E9FA8B458F89D76CC9 /* libPods-Drumstik.a */; };
		3D2B719D22480E060019BC6F /* snare-rim-1.wav in Resources */ = {isa = PBXBuildFile; fileRef = 3D2B719C22480E060019BC6F /* snare-rim-1.wav */; };
		3D2B719F22480E0B0019BC6F /* snare-1.wav in Resources */ = {isa = PBXBuildFile; fileRef = 3D2B719E22480E0B0019BC6F /* snare-1.wav */; };
		3D2B71A122480E0F0019BC6F /* kick-drum-1.wav in Resources */ = {isa = PBXBuildFile; fileRef = 3D2B71A022480E0F0019BC6F /* kick-drum-1.wav */; };
		3D2B71A42248340E0019BC6F /* MultitouchView.m in Sources */ = {isa = PBXBuildFile; fileRef = 3D2B71A32248340E0019BC6F /* MultitouchView.m */; };
		3D51F90C2246CA9B000357F5 /* floor-tom-1.wav in Resources */ = {isa = PBXBuildFile; fileRef = 3D51F90B2246CA9B000357F5 /* floor-tom-1.wav */; };
		3DC6D1642245C7AE0053E9F5 /* AppDelegate.m in Sources */ = {isa = PBXBuildFile; fileRef = 3DC6D1632245C7AE0053E9F5 /* AppDelegate.m */; };
		3DC6D1672245C7AE0053E9F5 /* ViewController.m in Sources */ = {isa = PBXBuildFile; fileRef = 3DC6D1662245C7AE0053E9F5 /* ViewController.m */; };
		3DC6D16A2245C7AE0053E9F5 /* Main.storyboard in Resources */ = {isa = PBXBuildFile; fileRef = 3DC6D1682245C7AE0053E9F5 /* Main.storyboard */; };
		3DC6D16C2245C7AF0053E9F5 /* Assets.xcassets in Resources */ = {isa = PBXBuildFile; fileRef = 3DC6D16B2245C7AF0053E9F5 /* Assets.xcassets */; };
		3DC6D16F2245C7AF0053E9F5 /* LaunchScreen.storyboard in Resources */ = {isa = PBXBuildFile; fileRef = 3DC6D16D2245C7AF0053E9F5 /* LaunchScreen.storyboard */; };
		3DC6D1722245C7AF0053E9F5 /* main.m in Sources */ = {isa = PBXBuildFile; fileRef = 3DC6D1712245C7AF0053E9F5 /* main.m */; };
		3DD1F73B22469FF7005BD345 /* stick@3x.png in Resources */ = {isa = PBXBuildFile; fileRef = 3DD1F73A22469FF7005BD345 /* stick@3x.png */; };
/* End PBXBuildFile section */

/* Begin PBXFileReference section */
		3D2B719C22480E060019BC6F /* snare-rim-1.wav */ = {isa = PBXFileReference; lastKnownFileType = audio.wav; path = "snare-rim-1.wav"; sourceTree = "<group>"; };
		3D2B719E22480E0B0019BC6F /* snare-1.wav */ = {isa = PBXFileReference; lastKnownFileType = audio.wav; path = "snare-1.wav"; sourceTree = "<group>"; };
		3D2B71A022480E0F0019BC6F /* kick-drum-1.wav */ = {isa = PBXFileReference; lastKnownFileType = audio.wav; path = "kick-drum-1.wav"; sourceTree = "<group>"; };
		3D2B71A22248340E0019BC6F /* MultitouchView.h */ = {isa = PBXFileReference; lastKnownFileType = sourcecode.c.h; path = MultitouchView.h; sourceTree = "<group>"; };
		3D2B71A32248340E0019BC6F /* MultitouchView.m */ = {isa = PBXFileReference; lastKnownFileType = sourcecode.c.objc; path = MultitouchView.m; sourceTree = "<group>"; };
		3D51F90B2246CA9B000357F5 /* floor-tom-1.wav */ = {isa = PBXFileReference; lastKnownFileType = audio.wav; path = "floor-tom-1.wav"; sourceTree = "<group>"; };
		3DC6D15F2245C7AE0053E9F5 /* Drumstik.app */ = {isa = PBXFileReference; explicitFileType = wrapper.application; includeInIndex = 0; path = Drumstik.app; sourceTree = BUILT_PRODUCTS_DIR; };
		3DC6D1622245C7AE0053E9F5 /* AppDelegate.h */ = {isa = PBXFileReference; lastKnownFileType = sourcecode.c.h; path = AppDelegate.h; sourceTree = "<group>"; };
		3DC6D1632245C7AE0053E9F5 /* AppDelegate.m */ = {isa = PBXFileReference; lastKnownFileType = sourcecode.c.objc; path = AppDelegate.m; sourceTree = "<group>"; };
		3DC6D1652245C7AE0053E9F5 /* ViewController.h */ = {isa = PBXFileReference; lastKnownFileType = sourcecode.c.h; path = ViewController.h; sourceTree = "<group>"; };
		3DC6D1662245C7AE0053E9F5 /* ViewController.m */ = {isa = PBXFileReference; lastKnownFileType = sourcecode.c.objc; path = ViewController.m; sourceTree = "<group>"; };
		3DC6D1692245C7AE0053E9F5 /* Base */ = {isa = PBXFileReference; lastKnownFileType = file.storyboard; name = Base; path = Base.lproj/Main.storyboard; sourceTree = "<group>"; };
		3DC6D16B2245C7AF0053E9F5 /* Assets.xcassets */ = {isa = PBXFileReference; lastKnownFileType = folder.assetcatalog; path = Assets.xcassets; sourceTree = "<group>"; };
		3DC6D16E2245C7AF0053E9F5 /* Base */ = {isa = PBXFileReference; lastKnownFileType = file.storyboard; name = Base; path = Base.lproj/LaunchScreen.storyboard; sourceTree = "<group>"; };
		3DC6D1702245C7AF0053E9F5 /* Info.plist */ = {isa = PBXFileReference; lastKnownFileType = text.plist.xml; path = Info.plist; sourceTree = "<group>"; };
		3DC6D1712245C7AF0053E9F5 /* main.m */ = {isa = PBXFileReference; lastKnownFileType = sourcecode.c.objc; path = main.m; sourceTree = "<group>"; };
		3DD1F73A22469FF7005BD345 /* stick@3x.png */ = {isa = PBXFileReference; lastKnownFileType = image.png; path = "stick@3x.png"; sourceTree = "<group>"; };
		52459FC8760FC703F5A2A24B /* Pods-Drumstik.debug.xcconfig */ = {isa = PBXFileReference; includeInIndex = 1; lastKnownFileType = text.xcconfig; name = "Pods-Drumstik.debug.xcconfig"; path = "Pods/Target Support Files/Pods-Drumstik/Pods-Drumstik.debug.xcconfig"; sourceTree = "<group>"; };
		BFDED5E9FA8B458F89D76CC9 /* libPods-Drumstik.a */ = {isa = PBXFileReference; explicitFileType = archive.ar; includeInIndex = 0; path = "libPods-Drumstik.a"; sourceTree = BUILT_PRODUCTS_DIR; };
		E617BCA0607EAF36CF847CEE /* Pods-Drumstik.release.xcconfig */ = {isa = PBXFileReference; includeInIndex = 1; lastKnownFileType = text.xcconfig; name = "Pods-Drumstik.release.xcconfig"; path = "Pods/Target Support Files/Pods-Drumstik/Pods-Drumstik.release.xcconfig"; sourceTree = "<group>"; };
/* End PBXFileReference section */

/* Begin PBXFrameworksBuildPhase section */
		3DC6D15C2245C7AE0053E9F5 /* Frameworks */ = {
			isa = PBXFrameworksBuildPhase;
			buildActionMask = 2147483647;
			files = (
				1573E45F39F9D094B0076570 /* libPods-Drumstik.a in Frameworks */,
			);
			runOnlyForDeploymentPostprocessing = 0;
		};
/* End PBXFrameworksBuildPhase section */

/* Begin PBXGroup section */
		10D7EF7EC8685B0F3375BC14 /* Frameworks */ = {
			isa = PBXGroup;
			children = (
				BFDED5E9FA8B458F89D76CC9 /* libPods-Drumstik.a */,
			);
			name = Frameworks;
			sourceTree = "<group>";
		};
		3DC6D1562245C7AE0053E9F5 = {
			isa = PBXGroup;
			children = (
				3DC6D1612245C7AE0053E9F5 /* Drumstik */,
				3DC6D1602245C7AE0053E9F5 /* Products */,
				4C4FF72269EFD2DB48C08C52 /* Pods */,
				10D7EF7EC8685B0F3375BC14 /* Frameworks */,
			);
			sourceTree = "<group>";
		};
		3DC6D1602245C7AE0053E9F5 /* Products */ = {
			isa = PBXGroup;
			children = (
				3DC6D15F2245C7AE0053E9F5 /* Drumstik.app */,
			);
			name = Products;
			sourceTree = "<group>";
		};
		3DC6D1612245C7AE0053E9F5 /* Drumstik */ = {
			isa = PBXGroup;
			children = (
				3DC6D1622245C7AE0053E9F5 /* AppDelegate.h */,
				3DC6D1632245C7AE0053E9F5 /* AppDelegate.m */,
				3DC6D1652245C7AE0053E9F5 /* ViewController.h */,
				3DC6D1662245C7AE0053E9F5 /* ViewController.m */,
				3D2B71A22248340E0019BC6F /* MultitouchView.h */,
				3D2B71A32248340E0019BC6F /* MultitouchView.m */,
				3DC6D1682245C7AE0053E9F5 /* Main.storyboard */,
				3DC6D16B2245C7AF0053E9F5 /* Assets.xcassets */,
				3D51F90B2246CA9B000357F5 /* floor-tom-1.wav */,
				3D2B719C22480E060019BC6F /* snare-rim-1.wav */,
				3D2B719E22480E0B0019BC6F /* snare-1.wav */,
				3D2B71A022480E0F0019BC6F /* kick-drum-1.wav */,
				3DD1F73A22469FF7005BD345 /* stick@3x.png */,
				3DC6D16D2245C7AF0053E9F5 /* LaunchScreen.storyboard */,
				3DC6D1702245C7AF0053E9F5 /* Info.plist */,
				3DC6D1712245C7AF0053E9F5 /* main.m */,
			);
			path = Drumstik;
			sourceTree = "<group>";
		};
		4C4FF72269EFD2DB48C08C52 /* Pods */ = {
			isa = PBXGroup;
			children = (
				52459FC8760FC703F5A2A24B /* Pods-Drumstik.debug.xcconfig */,
				E617BCA0607EAF36CF847CEE /* Pods-Drumstik.release.xcconfig */,
			);
			name = Pods;
			sourceTree = "<group>";
		};
/* End PBXGroup section */

/* Begin PBXNativeTarget section */
		3DC6D15E2245C7AE0053E9F5 /* Drumstik */ = {
			isa = PBXNativeTarget;
			buildConfigurationList = 3DC6D1752245C7AF0053E9F5 /* Build configuration list for PBXNativeTarget "Drumstik" */;
			buildPhases = (
				9251CD79934E2B938C1A4A77 /* [CP] Check Pods Manifest.lock */,
				3DC6D15B2245C7AE0053E9F5 /* Sources */,
				3DC6D15C2245C7AE0053E9F5 /* Frameworks */,
				3DC6D15D2245C7AE0053E9F5 /* Resources */,
			);
			buildRules = (
			);
			dependencies = (
			);
			name = Drumstik;
			productName = Drumstik;
			productReference = 3DC6D15F2245C7AE0053E9F5 /* Drumstik.app */;
			productType = "com.apple.product-type.application";
		};
/* End PBXNativeTarget section */

/* Begin PBXProject section */
		3DC6D1572245C7AE0053E9F5 /* Project object */ = {
			isa = PBXProject;
			attributes = {
				LastUpgradeCheck = 1010;
				ORGANIZATIONNAME = "Omar Al-Ejel";
				TargetAttributes = {
					3DC6D15E2245C7AE0053E9F5 = {
						CreatedOnToolsVersion = 10.1;
					};
				};
			};
			buildConfigurationList = 3DC6D15A2245C7AE0053E9F5 /* Build configuration list for PBXProject "Drumstik" */;
			compatibilityVersion = "Xcode 9.3";
			developmentRegion = en;
			hasScannedForEncodings = 0;
			knownRegions = (
				en,
				Base,
			);
			mainGroup = 3DC6D1562245C7AE0053E9F5;
			productRefGroup = 3DC6D1602245C7AE0053E9F5 /* Products */;
			projectDirPath = "";
			projectRoot = "";
			targets = (
				3DC6D15E2245C7AE0053E9F5 /* Drumstik */,
			);
		};
/* End PBXProject section */

/* Begin PBXResourcesBuildPhase section */
		3DC6D15D2245C7AE0053E9F5 /* Resources */ = {
			isa = PBXResourcesBuildPhase;
			buildActionMask = 2147483647;
			files = (
				3D2B71A122480E0F0019BC6F /* kick-drum-1.wav in Resources */,
				3D51F90C2246CA9B000357F5 /* floor-tom-1.wav in Resources */,
				3DC6D16F2245C7AF0053E9F5 /* LaunchScreen.storyboard in Resources */,
				3DC6D16C2245C7AF0053E9F5 /* Assets.xcassets in Resources */,
				3D2B719F22480E0B0019BC6F /* snare-1.wav in Resources */,
				3DC6D16A2245C7AE0053E9F5 /* Main.storyboard in Resources */,
				3DD1F73B22469FF7005BD345 /* stick@3x.png in Resources */,
				3D2B719D22480E060019BC6F /* snare-rim-1.wav in Resources */,
			);
			runOnlyForDeploymentPostprocessing = 0;
		};
/* End PBXResourcesBuildPhase section */

/* Begin PBXShellScriptBuildPhase section */
		9251CD79934E2B938C1A4A77 /* [CP] Check Pods Manifest.lock */ = {
			isa = PBXShellScriptBuildPhase;
			buildActionMask = 2147483647;
			files = (
			);
			inputFileListPaths = (
			);
			inputPaths = (
				"${PODS_PODFILE_DIR_PATH}/Podfile.lock",
				"${PODS_ROOT}/Manifest.lock",
			);
			name = "[CP] Check Pods Manifest.lock";
			outputFileListPaths = (
			);
			outputPaths = (
				"$(DERIVED_FILE_DIR)/Pods-Drumstik-checkManifestLockResult.txt",
			);
			runOnlyForDeploymentPostprocessing = 0;
			shellPath = /bin/sh;
			shellScript = "diff \"${PODS_PODFILE_DIR_PATH}/Podfile.lock\" \"${PODS_ROOT}/Manifest.lock\" > /dev/null\nif [ $? != 0 ] ; then\n    # print error to STDERR\n    echo \"error: The sandbox is not in sync with the Podfile.lock. Run 'pod install' or update your CocoaPods installation.\" >&2\n    exit 1\nfi\n# This output is used by Xcode 'outputs' to avoid re-running this script phase.\necho \"SUCCESS\" > \"${SCRIPT_OUTPUT_FILE_0}\"\n";
			showEnvVarsInLog = 0;
		};
/* End PBXShellScriptBuildPhase section */

/* Begin PBXSourcesBuildPhase section */
		3DC6D15B2245C7AE0053E9F5 /* Sources */ = {
			isa = PBXSourcesBuildPhase;
			buildActionMask = 2147483647;
			files = (
				3D2B71A42248340E0019BC6F /* MultitouchView.m in Sources */,
				3DC6D1672245C7AE0053E9F5 /* ViewController.m in Sources */,
				3DC6D1722245C7AF0053E9F5 /* main.m in Sources */,
				3DC6D1642245C7AE0053E9F5 /* AppDelegate.m in Sources */,
			);
			runOnlyForDeploymentPostprocessing = 0;
		};
/* End PBXSourcesBuildPhase section */

/* Begin PBXVariantGroup section */
		3DC6D1682245C7AE0053E9F5 /* Main.storyboard */ = {
			isa = PBXVariantGroup;
			children = (
				3DC6D1692245C7AE0053E9F5 /* Base */,
			);
			name = Main.storyboard;
			sourceTree = "<group>";
		};
		3DC6D16D2245C7AF0053E9F5 /* LaunchScreen.storyboard */ = {
			isa = PBXVariantGroup;
			children = (
				3DC6D16E2245C7AF0053E9F5 /* Base */,
			);
			name = LaunchScreen.storyboard;
			sourceTree = "<group>";
		};
/* End PBXVariantGroup section */

/* Begin XCBuildConfiguration section */
		3DC6D1732245C7AF0053E9F5 /* Debug */ = {
			isa = XCBuildConfiguration;
			buildSettings = {
				ALWAYS_SEARCH_USER_PATHS = NO;
				CLANG_ANALYZER_NONNULL = YES;
				CLANG_ANALYZER_NUMBER_OBJECT_CONVERSION = YES_AGGRESSIVE;
				CLANG_CXX_LANGUAGE_STANDARD = "gnu++14";
				CLANG_CXX_LIBRARY = "libc++";
				CLANG_ENABLE_MODULES = YES;
				CLANG_ENABLE_OBJC_ARC = YES;
				CLANG_ENABLE_OBJC_WEAK = YES;
				CLANG_WARN_BLOCK_CAPTURE_AUTORELEASING = YES;
				CLANG_WARN_BOOL_CONVERSION = YES;
				CLANG_WARN_COMMA = YES;
				CLANG_WARN_CONSTANT_CONVERSION = YES;
				CLANG_WARN_DEPRECATED_OBJC_IMPLEMENTATIONS = YES;
				CLANG_WARN_DIRECT_OBJC_ISA_USAGE = YES_ERROR;
				CLANG_WARN_DOCUMENTATION_COMMENTS = YES;
				CLANG_WARN_EMPTY_BODY = YES;
				CLANG_WARN_ENUM_CONVERSION = YES;
				CLANG_WARN_INFINITE_RECURSION = YES;
				CLANG_WARN_INT_CONVERSION = YES;
				CLANG_WARN_NON_LITERAL_NULL_CONVERSION = YES;
				CLANG_WARN_OBJC_IMPLICIT_RETAIN_SELF = YES;
				CLANG_WARN_OBJC_LITERAL_CONVERSION = YES;
				CLANG_WARN_OBJC_ROOT_CLASS = YES_ERROR;
				CLANG_WARN_RANGE_LOOP_ANALYSIS = YES;
				CLANG_WARN_STRICT_PROTOTYPES = YES;
				CLANG_WARN_SUSPICIOUS_MOVE = YES;
				CLANG_WARN_UNGUARDED_AVAILABILITY = YES_AGGRESSIVE;
				CLANG_WARN_UNREACHABLE_CODE = YES;
				CLANG_WARN__DUPLICATE_METHOD_MATCH = YES;
				CODE_SIGN_IDENTITY = "iPhone Developer";
				COPY_PHASE_STRIP = NO;
				DEBUG_INFORMATION_FORMAT = dwarf;
				ENABLE_STRICT_OBJC_MSGSEND = YES;
				ENABLE_TESTABILITY = YES;
				GCC_C_LANGUAGE_STANDARD = gnu11;
				GCC_DYNAMIC_NO_PIC = NO;
				GCC_NO_COMMON_BLOCKS = YES;
				GCC_OPTIMIZATION_LEVEL = 0;
				GCC_PREPROCESSOR_DEFINITIONS = (
					"DEBUG=1",
					"$(inherited)",
				);
				GCC_WARN_64_TO_32_BIT_CONVERSION = YES;
				GCC_WARN_ABOUT_RETURN_TYPE = YES_ERROR;
				GCC_WARN_UNDECLARED_SELECTOR = YES;
				GCC_WARN_UNINITIALIZED_AUTOS = YES_AGGRESSIVE;
				GCC_WARN_UNUSED_FUNCTION = YES;
				GCC_WARN_UNUSED_VARIABLE = YES;
				IPHONEOS_DEPLOYMENT_TARGET = 12.1;
				MTL_ENABLE_DEBUG_INFO = INCLUDE_SOURCE;
				MTL_FAST_MATH = YES;
				ONLY_ACTIVE_ARCH = YES;
				SDKROOT = iphoneos;
			};
			name = Debug;
		};
		3DC6D1742245C7AF0053E9F5 /* Release */ = {
			isa = XCBuildConfiguration;
			buildSettings = {
				ALWAYS_SEARCH_USER_PATHS = NO;
				CLANG_ANALYZER_NONNULL = YES;
				CLANG_ANALYZER_NUMBER_OBJECT_CONVERSION = YES_AGGRESSIVE;
				CLANG_CXX_LANGUAGE_STANDARD = "gnu++14";
				CLANG_CXX_LIBRARY = "libc++";
				CLANG_ENABLE_MODULES = YES;
				CLANG_ENABLE_OBJC_ARC = YES;
				CLANG_ENABLE_OBJC_WEAK = YES;
				CLANG_WARN_BLOCK_CAPTURE_AUTORELEASING = YES;
				CLANG_WARN_BOOL_CONVERSION = YES;
				CLANG_WARN_COMMA = YES;
				CLANG_WARN_CONSTANT_CONVERSION = YES;
				CLANG_WARN_DEPRECATED_OBJC_IMPLEMENTATIONS = YES;
				CLANG_WARN_DIRECT_OBJC_ISA_USAGE = YES_ERROR;
				CLANG_WARN_DOCUMENTATION_COMMENTS = YES;
				CLANG_WARN_EMPTY_BODY = YES;
				CLANG_WARN_ENUM_CONVERSION = YES;
				CLANG_WARN_INFINITE_RECURSION = YES;
				CLANG_WARN_INT_CONVERSION = YES;
				CLANG_WARN_NON_LITERAL_NULL_CONVERSION = YES;
				CLANG_WARN_OBJC_IMPLICIT_RETAIN_SELF = YES;
				CLANG_WARN_OBJC_LITERAL_CONVERSION = YES;
				CLANG_WARN_OBJC_ROOT_CLASS = YES_ERROR;
				CLANG_WARN_RANGE_LOOP_ANALYSIS = YES;
				CLANG_WARN_STRICT_PROTOTYPES = YES;
				CLANG_WARN_SUSPICIOUS_MOVE = YES;
				CLANG_WARN_UNGUARDED_AVAILABILITY = YES_AGGRESSIVE;
				CLANG_WARN_UNREACHABLE_CODE = YES;
				CLANG_WARN__DUPLICATE_METHOD_MATCH = YES;
				CODE_SIGN_IDENTITY = "iPhone Developer";
				COPY_PHASE_STRIP = NO;
				DEBUG_INFORMATION_FORMAT = "dwarf-with-dsym";
				ENABLE_NS_ASSERTIONS = NO;
				ENABLE_STRICT_OBJC_MSGSEND = YES;
				GCC_C_LANGUAGE_STANDARD = gnu11;
				GCC_NO_COMMON_BLOCKS = YES;
				GCC_WARN_64_TO_32_BIT_CONVERSION = YES;
				GCC_WARN_ABOUT_RETURN_TYPE = YES_ERROR;
				GCC_WARN_UNDECLARED_SELECTOR = YES;
				GCC_WARN_UNINITIALIZED_AUTOS = YES_AGGRESSIVE;
				GCC_WARN_UNUSED_FUNCTION = YES;
				GCC_WARN_UNUSED_VARIABLE = YES;
				IPHONEOS_DEPLOYMENT_TARGET = 12.1;
				MTL_ENABLE_DEBUG_INFO = NO;
				MTL_FAST_MATH = YES;
				SDKROOT = iphoneos;
				VALIDATE_PRODUCT = YES;
			};
			name = Release;
		};
		3DC6D1762245C7AF0053E9F5 /* Debug */ = {
			isa = XCBuildConfiguration;
			baseConfigurationReference = 52459FC8760FC703F5A2A24B /* Pods-Drumstik.debug.xcconfig */;
			buildSettings = {
				ASSETCATALOG_COMPILER_APPICON_NAME = AppIcon;
				CODE_SIGN_STYLE = Automatic;
				DEVELOPMENT_TEAM = DL7989H5XT;
				INFOPLIST_FILE = Drumstik/Info.plist;
				LD_RUNPATH_SEARCH_PATHS = (
					"$(inherited)",
					"@executable_path/Frameworks",
				);
				PRODUCT_BUNDLE_IDENTIFIER = com.omaralejel.Drumstik;
				PRODUCT_NAME = "$(TARGET_NAME)";
				TARGETED_DEVICE_FAMILY = "1,2";
			};
			name = Debug;
		};
		3DC6D1772245C7AF0053E9F5 /* Release */ = {
			isa = XCBuildConfiguration;
			baseConfigurationReference = E617BCA0607EAF36CF847CEE /* Pods-Drumstik.release.xcconfig */;
			buildSettings = {
				ASSETCATALOG_COMPILER_APPICON_NAME = AppIcon;
				CODE_SIGN_STYLE = Automatic;
				DEVELOPMENT_TEAM = DL7989H5XT;
				INFOPLIST_FILE = Drumstik/Info.plist;
				LD_RUNPATH_SEARCH_PATHS = (
					"$(inherited)",
					"@executable_path/Frameworks",
				);
				PRODUCT_BUNDLE_IDENTIFIER = com.omaralejel.Drumstik;
				PRODUCT_NAME = "$(TARGET_NAME)";
				TARGETED_DEVICE_FAMILY = "1,2";
			};
			name = Release;
		};
/* End XCBuildConfiguration section */

/* Begin XCConfigurationList section */
		3DC6D15A2245C7AE0053E9F5 /* Build configuration list for PBXProject "Drumstik" */ = {
			isa = XCConfigurationList;
			buildConfigurations = (
				3DC6D1732245C7AF0053E9F5 /* Debug */,
				3DC6D1742245C7AF0053E9F5 /* Release */,
			);
			defaultConfigurationIsVisible = 0;
			defaultConfigurationName = Release;
		};
		3DC6D1752245C7AF0053E9F5 /* Build configuration list for PBXNativeTarget "Drumstik" */ = {
			isa = XCConfigurationList;
			buildConfigurations = (
				3DC6D1762245C7AF0053E9F5 /* Debug */,
				3DC6D1772245C7AF0053E9F5 /* Release */,
			);
			defaultConfigurationIsVisible = 0;
			defaultConfigurationName = Release;
		};
/* End XCConfigurationList section */
	};
	rootObject = 3DC6D1572245C7AE0053E9F5 /* Project object */;
}
